// !$*UTF8*$!
{
	archiveVersion = 1;
	classes = {
	};
	objectVersion = 50;
	objects = {

/* Begin PBXBuildFile section */
		24B97180258E298600AA4C46 /* CodeMastersTests.swift in Sources */ = {isa = PBXBuildFile; fileRef = 24B9717F258E298600AA4C46 /* CodeMastersTests.swift */; };
		24FA45C3258DBB7D00F4CA1E /* AppDelegate.swift in Sources */ = {isa = PBXBuildFile; fileRef = 24FA45C2258DBB7D00F4CA1E /* AppDelegate.swift */; };
		24FA45CC258DBB8600F4CA1E /* Assets.xcassets in Resources */ = {isa = PBXBuildFile; fileRef = 24FA45CB258DBB8600F4CA1E /* Assets.xcassets */; };
		24FA45CF258DBB8600F4CA1E /* LaunchScreen.storyboard in Resources */ = {isa = PBXBuildFile; fileRef = 24FA45CD258DBB8600F4CA1E /* LaunchScreen.storyboard */; };
		24FA45DC258DBE9E00F4CA1E /* HomeController.swift in Sources */ = {isa = PBXBuildFile; fileRef = 24FA45DB258DBE9E00F4CA1E /* HomeController.swift */; };
		24FA45DF258DC04F00F4CA1E /* MoviesCollectionViewDelegate.swift in Sources */ = {isa = PBXBuildFile; fileRef = 24FA45DE258DC04F00F4CA1E /* MoviesCollectionViewDelegate.swift */; };
		24FA45E2258DC08200F4CA1E /* MoviesCollectionViewDataSource.swift in Sources */ = {isa = PBXBuildFile; fileRef = 24FA45E1258DC08200F4CA1E /* MoviesCollectionViewDataSource.swift */; };
		24FA45E5258DC0B500F4CA1E /* MovieCell.swift in Sources */ = {isa = PBXBuildFile; fileRef = 24FA45E4258DC0B500F4CA1E /* MovieCell.swift */; };
		24FA45EB258DD77E00F4CA1E /* TrendingCell.swift in Sources */ = {isa = PBXBuildFile; fileRef = 24FA45EA258DD77E00F4CA1E /* TrendingCell.swift */; };
		24FA45EE258DD7C000F4CA1E /* TrendingCollectionViewDelegate.swift in Sources */ = {isa = PBXBuildFile; fileRef = 24FA45ED258DD7C000F4CA1E /* TrendingCollectionViewDelegate.swift */; };
		24FA45F1258DD7F700F4CA1E /* TrendingCollectionViewDataSource.swift in Sources */ = {isa = PBXBuildFile; fileRef = 24FA45F0258DD7F700F4CA1E /* TrendingCollectionViewDataSource.swift */; };
		24FA45F8258DE2C100F4CA1E /* TMDBClient.swift in Sources */ = {isa = PBXBuildFile; fileRef = 24FA45F7258DE2C100F4CA1E /* TMDBClient.swift */; };
		24FA45FB258DF78D00F4CA1E /* Movie.swift in Sources */ = {isa = PBXBuildFile; fileRef = 24FA45FA258DF78D00F4CA1E /* Movie.swift */; };
		24FA45FF258E067500F4CA1E /* Constants.swift in Sources */ = {isa = PBXBuildFile; fileRef = 24FA45FE258E067500F4CA1E /* Constants.swift */; };
		24FA4602258E157D00F4CA1E /* TVSeries.swift in Sources */ = {isa = PBXBuildFile; fileRef = 24FA4601258E157D00F4CA1E /* TVSeries.swift */; };
		24FA4605258E175100F4CA1E /* TVSeriesCollectionViewDelegate.swift in Sources */ = {isa = PBXBuildFile; fileRef = 24FA4604258E175100F4CA1E /* TVSeriesCollectionViewDelegate.swift */; };
		24FA4608258E177400F4CA1E /* TVSeriesCollectionViewDataSource.swift in Sources */ = {isa = PBXBuildFile; fileRef = 24FA4607258E177400F4CA1E /* TVSeriesCollectionViewDataSource.swift */; };
		24FA460B258E17AC00F4CA1E /* TVSeriesCell.swift in Sources */ = {isa = PBXBuildFile; fileRef = 24FA460A258E17AC00F4CA1E /* TVSeriesCell.swift */; };
		24FA4616258E21FA00F4CA1E /* UIKit+Extensions.swift in Sources */ = {isa = PBXBuildFile; fileRef = 24FA4615258E21FA00F4CA1E /* UIKit+Extensions.swift */; };
		24FA461E258E22D600F4CA1E /* DetailController.swift in Sources */ = {isa = PBXBuildFile; fileRef = 24FA461D258E22D600F4CA1E /* DetailController.swift */; };
/* End PBXBuildFile section */

/* Begin PBXContainerItemProxy section */
		24B97182258E298600AA4C46 /* PBXContainerItemProxy */ = {
			isa = PBXContainerItemProxy;
			containerPortal = 24FA45B7258DBB7C00F4CA1E /* Project object */;
			proxyType = 1;
			remoteGlobalIDString = 24FA45BE258DBB7C00F4CA1E;
			remoteInfo = CodeMasters;
		};
/* End PBXContainerItemProxy section */

/* Begin PBXFileReference section */
		24B9717D258E298600AA4C46 /* CodeMastersTests.xctest */ = {isa = PBXFileReference; explicitFileType = wrapper.cfbundle; includeInIndex = 0; path = CodeMastersTests.xctest; sourceTree = BUILT_PRODUCTS_DIR; };
		24B9717F258E298600AA4C46 /* CodeMastersTests.swift */ = {isa = PBXFileReference; lastKnownFileType = sourcecode.swift; path = CodeMastersTests.swift; sourceTree = "<group>"; };
		24B97181258E298600AA4C46 /* Info.plist */ = {isa = PBXFileReference; lastKnownFileType = text.plist.xml; path = Info.plist; sourceTree = "<group>"; };
		24FA45BF258DBB7D00F4CA1E /* CodeMasters.app */ = {isa = PBXFileReference; explicitFileType = wrapper.application; includeInIndex = 0; path = CodeMasters.app; sourceTree = BUILT_PRODUCTS_DIR; };
		24FA45C2258DBB7D00F4CA1E /* AppDelegate.swift */ = {isa = PBXFileReference; lastKnownFileType = sourcecode.swift; path = AppDelegate.swift; sourceTree = "<group>"; };
		24FA45CB258DBB8600F4CA1E /* Assets.xcassets */ = {isa = PBXFileReference; lastKnownFileType = folder.assetcatalog; path = Assets.xcassets; sourceTree = "<group>"; };
		24FA45CE258DBB8600F4CA1E /* Base */ = {isa = PBXFileReference; lastKnownFileType = file.storyboard; name = Base; path = Base.lproj/LaunchScreen.storyboard; sourceTree = "<group>"; };
		24FA45D0258DBB8600F4CA1E /* Info.plist */ = {isa = PBXFileReference; lastKnownFileType = text.plist.xml; path = Info.plist; sourceTree = "<group>"; };
		24FA45DB258DBE9E00F4CA1E /* HomeController.swift */ = {isa = PBXFileReference; lastKnownFileType = sourcecode.swift; path = HomeController.swift; sourceTree = "<group>"; };
		24FA45DE258DC04F00F4CA1E /* MoviesCollectionViewDelegate.swift */ = {isa = PBXFileReference; lastKnownFileType = sourcecode.swift; path = MoviesCollectionViewDelegate.swift; sourceTree = "<group>"; };
		24FA45E1258DC08200F4CA1E /* MoviesCollectionViewDataSource.swift */ = {isa = PBXFileReference; lastKnownFileType = sourcecode.swift; path = MoviesCollectionViewDataSource.swift; sourceTree = "<group>"; };
		24FA45E4258DC0B500F4CA1E /* MovieCell.swift */ = {isa = PBXFileReference; lastKnownFileType = sourcecode.swift; path = MovieCell.swift; sourceTree = "<group>"; };
		24FA45EA258DD77E00F4CA1E /* TrendingCell.swift */ = {isa = PBXFileReference; lastKnownFileType = sourcecode.swift; path = TrendingCell.swift; sourceTree = "<group>"; };
		24FA45ED258DD7C000F4CA1E /* TrendingCollectionViewDelegate.swift */ = {isa = PBXFileReference; lastKnownFileType = sourcecode.swift; path = TrendingCollectionViewDelegate.swift; sourceTree = "<group>"; };
		24FA45F0258DD7F700F4CA1E /* TrendingCollectionViewDataSource.swift */ = {isa = PBXFileReference; lastKnownFileType = sourcecode.swift; path = TrendingCollectionViewDataSource.swift; sourceTree = "<group>"; };
		24FA45F7258DE2C100F4CA1E /* TMDBClient.swift */ = {isa = PBXFileReference; lastKnownFileType = sourcecode.swift; path = TMDBClient.swift; sourceTree = "<group>"; };
		24FA45FA258DF78D00F4CA1E /* Movie.swift */ = {isa = PBXFileReference; lastKnownFileType = sourcecode.swift; path = Movie.swift; sourceTree = "<group>"; };
		24FA45FE258E067500F4CA1E /* Constants.swift */ = {isa = PBXFileReference; lastKnownFileType = sourcecode.swift; path = Constants.swift; sourceTree = "<group>"; };
		24FA4601258E157D00F4CA1E /* TVSeries.swift */ = {isa = PBXFileReference; lastKnownFileType = sourcecode.swift; path = TVSeries.swift; sourceTree = "<group>"; };
		24FA4604258E175100F4CA1E /* TVSeriesCollectionViewDelegate.swift */ = {isa = PBXFileReference; lastKnownFileType = sourcecode.swift; path = TVSeriesCollectionViewDelegate.swift; sourceTree = "<group>"; };
		24FA4607258E177400F4CA1E /* TVSeriesCollectionViewDataSource.swift */ = {isa = PBXFileReference; lastKnownFileType = sourcecode.swift; path = TVSeriesCollectionViewDataSource.swift; sourceTree = "<group>"; };
		24FA460A258E17AC00F4CA1E /* TVSeriesCell.swift */ = {isa = PBXFileReference; lastKnownFileType = sourcecode.swift; path = TVSeriesCell.swift; sourceTree = "<group>"; };
		24FA4615258E21FA00F4CA1E /* UIKit+Extensions.swift */ = {isa = PBXFileReference; lastKnownFileType = sourcecode.swift; path = "UIKit+Extensions.swift"; sourceTree = "<group>"; };
		24FA461D258E22D600F4CA1E /* DetailController.swift */ = {isa = PBXFileReference; lastKnownFileType = sourcecode.swift; path = DetailController.swift; sourceTree = "<group>"; };
/* End PBXFileReference section */

/* Begin PBXFrameworksBuildPhase section */
		24B9717A258E298600AA4C46 /* Frameworks */ = {
			isa = PBXFrameworksBuildPhase;
			buildActionMask = 2147483647;
			files = (
			);
			runOnlyForDeploymentPostprocessing = 0;
		};
		24FA45BC258DBB7C00F4CA1E /* Frameworks */ = {
			isa = PBXFrameworksBuildPhase;
			buildActionMask = 2147483647;
			files = (
			);
			runOnlyForDeploymentPostprocessing = 0;
		};
/* End PBXFrameworksBuildPhase section */

/* Begin PBXGroup section */
		24B9717E258E298600AA4C46 /* CodeMastersTests */ = {
			isa = PBXGroup;
			children = (
				24B9717F258E298600AA4C46 /* CodeMastersTests.swift */,
				24B97181258E298600AA4C46 /* Info.plist */,
			);
			path = CodeMastersTests;
			sourceTree = "<group>";
		};
		24FA45B6258DBB7C00F4CA1E = {
			isa = PBXGroup;
			children = (
				24FA45C1258DBB7D00F4CA1E /* CodeMasters */,
				24B9717E258E298600AA4C46 /* CodeMastersTests */,
				24FA45C0258DBB7D00F4CA1E /* Products */,
			);
			sourceTree = "<group>";
		};
		24FA45C0258DBB7D00F4CA1E /* Products */ = {
			isa = PBXGroup;
			children = (
				24FA45BF258DBB7D00F4CA1E /* CodeMasters.app */,
				24B9717D258E298600AA4C46 /* CodeMastersTests.xctest */,
			);
			name = Products;
			sourceTree = "<group>";
		};
		24FA45C1258DBB7D00F4CA1E /* CodeMasters */ = {
			isa = PBXGroup;
			children = (
				24FA45C2258DBB7D00F4CA1E /* AppDelegate.swift */,
				24FA460E258E210100F4CA1E /* Models */,
				24FA4610258E216200F4CA1E /* Views */,
				24FA4613258E218C00F4CA1E /* Controllers */,
				24FA45F7258DE2C100F4CA1E /* TMDBClient.swift */,
				24FA45FE258E067500F4CA1E /* Constants.swift */,
				24FA45CB258DBB8600F4CA1E /* Assets.xcassets */,
				24FA45CD258DBB8600F4CA1E /* LaunchScreen.storyboard */,
				24FA45D0258DBB8600F4CA1E /* Info.plist */,
			);
			path = CodeMasters;
			sourceTree = "<group>";
		};
		24FA460E258E210100F4CA1E /* Models */ = {
			isa = PBXGroup;
			children = (
				24FA45FA258DF78D00F4CA1E /* Movie.swift */,
				24FA4601258E157D00F4CA1E /* TVSeries.swift */,
			);
			path = Models;
			sourceTree = "<group>";
		};
		24FA4610258E216200F4CA1E /* Views */ = {
			isa = PBXGroup;
			children = (
				24FA45E4258DC0B500F4CA1E /* MovieCell.swift */,
				24FA460A258E17AC00F4CA1E /* TVSeriesCell.swift */,
				24FA45EA258DD77E00F4CA1E /* TrendingCell.swift */,
				24FA4615258E21FA00F4CA1E /* UIKit+Extensions.swift */,
			);
			path = Views;
			sourceTree = "<group>";
		};
		24FA4613258E218C00F4CA1E /* Controllers */ = {
			isa = PBXGroup;
			children = (
				24FA461B258E22BC00F4CA1E /* Home */,
				24FA461D258E22D600F4CA1E /* DetailController.swift */,
			);
			path = Controllers;
			sourceTree = "<group>";
		};
		24FA4618258E223A00F4CA1E /* Delegates */ = {
			isa = PBXGroup;
			children = (
				24FA45DE258DC04F00F4CA1E /* MoviesCollectionViewDelegate.swift */,
				24FA4604258E175100F4CA1E /* TVSeriesCollectionViewDelegate.swift */,
				24FA45ED258DD7C000F4CA1E /* TrendingCollectionViewDelegate.swift */,
			);
			path = Delegates;
			sourceTree = "<group>";
		};
		24FA4619258E224800F4CA1E /* DataSources */ = {
			isa = PBXGroup;
			children = (
				24FA45E1258DC08200F4CA1E /* MoviesCollectionViewDataSource.swift */,
				24FA4607258E177400F4CA1E /* TVSeriesCollectionViewDataSource.swift */,
				24FA45F0258DD7F700F4CA1E /* TrendingCollectionViewDataSource.swift */,
			);
			path = DataSources;
			sourceTree = "<group>";
		};
		24FA461B258E22BC00F4CA1E /* Home */ = {
			isa = PBXGroup;
			children = (
				24FA45DB258DBE9E00F4CA1E /* HomeController.swift */,
				24FA4619258E224800F4CA1E /* DataSources */,
				24FA4618258E223A00F4CA1E /* Delegates */,
			);
			path = Home;
			sourceTree = "<group>";
		};
/* End PBXGroup section */

/* Begin PBXNativeTarget section */
		24B9717C258E298600AA4C46 /* CodeMastersTests */ = {
			isa = PBXNativeTarget;
			buildConfigurationList = 24B97186258E298600AA4C46 /* Build configuration list for PBXNativeTarget "CodeMastersTests" */;
			buildPhases = (
				24B97179258E298600AA4C46 /* Sources */,
				24B9717A258E298600AA4C46 /* Frameworks */,
				24B9717B258E298600AA4C46 /* Resources */,
			);
			buildRules = (
			);
			dependencies = (
				24B97183258E298600AA4C46 /* PBXTargetDependency */,
			);
			name = CodeMastersTests;
			productName = CodeMastersTests;
			productReference = 24B9717D258E298600AA4C46 /* CodeMastersTests.xctest */;
			productType = "com.apple.product-type.bundle.unit-test";
		};
		24FA45BE258DBB7C00F4CA1E /* CodeMasters */ = {
			isa = PBXNativeTarget;
			buildConfigurationList = 24FA45D3258DBB8600F4CA1E /* Build configuration list for PBXNativeTarget "CodeMasters" */;
			buildPhases = (
				24FA45BB258DBB7C00F4CA1E /* Sources */,
				24FA45BC258DBB7C00F4CA1E /* Frameworks */,
				24FA45BD258DBB7C00F4CA1E /* Resources */,
			);
			buildRules = (
			);
			dependencies = (
			);
			name = CodeMasters;
			productName = CodeMasters;
			productReference = 24FA45BF258DBB7D00F4CA1E /* CodeMasters.app */;
			productType = "com.apple.product-type.application";
		};
/* End PBXNativeTarget section */

/* Begin PBXProject section */
		24FA45B7258DBB7C00F4CA1E /* Project object */ = {
			isa = PBXProject;
			attributes = {
				LastSwiftUpdateCheck = 1220;
				LastUpgradeCheck = 1220;
				TargetAttributes = {
					24B9717C258E298600AA4C46 = {
						CreatedOnToolsVersion = 12.2;
						TestTargetID = 24FA45BE258DBB7C00F4CA1E;
					};
					24FA45BE258DBB7C00F4CA1E = {
						CreatedOnToolsVersion = 12.2;
					};
				};
			};
			buildConfigurationList = 24FA45BA258DBB7C00F4CA1E /* Build configuration list for PBXProject "CodeMasters" */;
			compatibilityVersion = "Xcode 9.3";
			developmentRegion = en;
			hasScannedForEncodings = 0;
			knownRegions = (
				en,
				Base,
			);
			mainGroup = 24FA45B6258DBB7C00F4CA1E;
			productRefGroup = 24FA45C0258DBB7D00F4CA1E /* Products */;
			projectDirPath = "";
			projectRoot = "";
			targets = (
				24FA45BE258DBB7C00F4CA1E /* CodeMasters */,
				24B9717C258E298600AA4C46 /* CodeMastersTests */,
			);
		};
/* End PBXProject section */

/* Begin PBXResourcesBuildPhase section */
		24B9717B258E298600AA4C46 /* Resources */ = {
			isa = PBXResourcesBuildPhase;
			buildActionMask = 2147483647;
			files = (
			);
			runOnlyForDeploymentPostprocessing = 0;
		};
		24FA45BD258DBB7C00F4CA1E /* Resources */ = {
			isa = PBXResourcesBuildPhase;
			buildActionMask = 2147483647;
			files = (
				24FA45CF258DBB8600F4CA1E /* LaunchScreen.storyboard in Resources */,
				24FA45CC258DBB8600F4CA1E /* Assets.xcassets in Resources */,
			);
			runOnlyForDeploymentPostprocessing = 0;
		};
/* End PBXResourcesBuildPhase section */

/* Begin PBXSourcesBuildPhase section */
		24B97179258E298600AA4C46 /* Sources */ = {
			isa = PBXSourcesBuildPhase;
			buildActionMask = 2147483647;
			files = (
				24B97180258E298600AA4C46 /* CodeMastersTests.swift in Sources */,
			);
			runOnlyForDeploymentPostprocessing = 0;
		};
		24FA45BB258DBB7C00F4CA1E /* Sources */ = {
			isa = PBXSourcesBuildPhase;
			buildActionMask = 2147483647;
			files = (
				24FA45F8258DE2C100F4CA1E /* TMDBClient.swift in Sources */,
				24FA45EB258DD77E00F4CA1E /* TrendingCell.swift in Sources */,
				24FA4616258E21FA00F4CA1E /* UIKit+Extensions.swift in Sources */,
				24FA460B258E17AC00F4CA1E /* TVSeriesCell.swift in Sources */,
				24FA45FB258DF78D00F4CA1E /* Movie.swift in Sources */,
				24FA4602258E157D00F4CA1E /* TVSeries.swift in Sources */,
				24FA461E258E22D600F4CA1E /* DetailController.swift in Sources */,
				24FA4605258E175100F4CA1E /* TVSeriesCollectionViewDelegate.swift in Sources */,
				24FA45E2258DC08200F4CA1E /* MoviesCollectionViewDataSource.swift in Sources */,
				24FA45DC258DBE9E00F4CA1E /* HomeController.swift in Sources */,
				24FA45EE258DD7C000F4CA1E /* TrendingCollectionViewDelegate.swift in Sources */,
				24FA45DF258DC04F00F4CA1E /* MoviesCollectionViewDelegate.swift in Sources */,
				24FA45E5258DC0B500F4CA1E /* MovieCell.swift in Sources */,
				24FA45C3258DBB7D00F4CA1E /* AppDelegate.swift in Sources */,
				24FA45F1258DD7F700F4CA1E /* TrendingCollectionViewDataSource.swift in Sources */,
				24FA4608258E177400F4CA1E /* TVSeriesCollectionViewDataSource.swift in Sources */,
				24FA45FF258E067500F4CA1E /* Constants.swift in Sources */,
			);
			runOnlyForDeploymentPostprocessing = 0;
		};
/* End PBXSourcesBuildPhase section */

/* Begin PBXTargetDependency section */
		24B97183258E298600AA4C46 /* PBXTargetDependency */ = {
			isa = PBXTargetDependency;
			target = 24FA45BE258DBB7C00F4CA1E /* CodeMasters */;
			targetProxy = 24B97182258E298600AA4C46 /* PBXContainerItemProxy */;
		};
/* End PBXTargetDependency section */

/* Begin PBXVariantGroup section */
		24FA45CD258DBB8600F4CA1E /* LaunchScreen.storyboard */ = {
			isa = PBXVariantGroup;
			children = (
				24FA45CE258DBB8600F4CA1E /* Base */,
			);
			name = LaunchScreen.storyboard;
			sourceTree = "<group>";
		};
/* End PBXVariantGroup section */

/* Begin XCBuildConfiguration section */
		24B97184258E298600AA4C46 /* Debug */ = {
			isa = XCBuildConfiguration;
			buildSettings = {
				BUNDLE_LOADER = "$(TEST_HOST)";
				CODE_SIGN_STYLE = Automatic;
				DEVELOPMENT_TEAM = 9PYG64528E;
				INFOPLIST_FILE = CodeMastersTests/Info.plist;
				LD_RUNPATH_SEARCH_PATHS = (
					"$(inherited)",
					"@executable_path/Frameworks",
					"@loader_path/Frameworks",
				);
				PRODUCT_BUNDLE_IDENTIFIER = com.atikur.CodeMastersTests;
				PRODUCT_NAME = "$(TARGET_NAME)";
				SWIFT_VERSION = 5.0;
				TARGETED_DEVICE_FAMILY = "1,2";
				TEST_HOST = "$(BUILT_PRODUCTS_DIR)/CodeMasters.app/CodeMasters";
			};
			name = Debug;
		};
		24B97185258E298600AA4C46 /* Release */ = {
			isa = XCBuildConfiguration;
			buildSettings = {
				BUNDLE_LOADER = "$(TEST_HOST)";
				CODE_SIGN_STYLE = Automatic;
				DEVELOPMENT_TEAM = 9PYG64528E;
				INFOPLIST_FILE = CodeMastersTests/Info.plist;
				LD_RUNPATH_SEARCH_PATHS = (
					"$(inherited)",
					"@executable_path/Frameworks",
					"@loader_path/Frameworks",
				);
				PRODUCT_BUNDLE_IDENTIFIER = com.atikur.CodeMastersTests;
				PRODUCT_NAME = "$(TARGET_NAME)";
				SWIFT_VERSION = 5.0;
				TARGETED_DEVICE_FAMILY = "1,2";
				TEST_HOST = "$(BUILT_PRODUCTS_DIR)/CodeMasters.app/CodeMasters";
			};
			name = Release;
		};
		24FA45D1258DBB8600F4CA1E /* Debug */ = {
			isa = XCBuildConfiguration;
			buildSettings = {
				ALWAYS_SEARCH_USER_PATHS = NO;
				CLANG_ANALYZER_NONNULL = YES;
				CLANG_ANALYZER_NUMBER_OBJECT_CONVERSION = YES_AGGRESSIVE;
				CLANG_CXX_LANGUAGE_STANDARD = "gnu++14";
				CLANG_CXX_LIBRARY = "libc++";
				CLANG_ENABLE_MODULES = YES;
				CLANG_ENABLE_OBJC_ARC = YES;
				CLANG_ENABLE_OBJC_WEAK = YES;
				CLANG_WARN_BLOCK_CAPTURE_AUTORELEASING = YES;
				CLANG_WARN_BOOL_CONVERSION = YES;
				CLANG_WARN_COMMA = YES;
				CLANG_WARN_CONSTANT_CONVERSION = YES;
				CLANG_WARN_DEPRECATED_OBJC_IMPLEMENTATIONS = YES;
				CLANG_WARN_DIRECT_OBJC_ISA_USAGE = YES_ERROR;
				CLANG_WARN_DOCUMENTATION_COMMENTS = YES;
				CLANG_WARN_EMPTY_BODY = YES;
				CLANG_WARN_ENUM_CONVERSION = YES;
				CLANG_WARN_INFINITE_RECURSION = YES;
				CLANG_WARN_INT_CONVERSION = YES;
				CLANG_WARN_NON_LITERAL_NULL_CONVERSION = YES;
				CLANG_WARN_OBJC_IMPLICIT_RETAIN_SELF = YES;
				CLANG_WARN_OBJC_LITERAL_CONVERSION = YES;
				CLANG_WARN_OBJC_ROOT_CLASS = YES_ERROR;
				CLANG_WARN_QUOTED_INCLUDE_IN_FRAMEWORK_HEADER = YES;
				CLANG_WARN_RANGE_LOOP_ANALYSIS = YES;
				CLANG_WARN_STRICT_PROTOTYPES = YES;
				CLANG_WARN_SUSPICIOUS_MOVE = YES;
				CLANG_WARN_UNGUARDED_AVAILABILITY = YES_AGGRESSIVE;
				CLANG_WARN_UNREACHABLE_CODE = YES;
				CLANG_WARN__DUPLICATE_METHOD_MATCH = YES;
				COPY_PHASE_STRIP = NO;
				DEBUG_INFORMATION_FORMAT = dwarf;
				ENABLE_STRICT_OBJC_MSGSEND = YES;
				ENABLE_TESTABILITY = YES;
				GCC_C_LANGUAGE_STANDARD = gnu11;
				GCC_DYNAMIC_NO_PIC = NO;
				GCC_NO_COMMON_BLOCKS = YES;
				GCC_OPTIMIZATION_LEVEL = 0;
				GCC_PREPROCESSOR_DEFINITIONS = (
					"DEBUG=1",
					"$(inherited)",
				);
				GCC_WARN_64_TO_32_BIT_CONVERSION = YES;
				GCC_WARN_ABOUT_RETURN_TYPE = YES_ERROR;
				GCC_WARN_UNDECLARED_SELECTOR = YES;
				GCC_WARN_UNINITIALIZED_AUTOS = YES_AGGRESSIVE;
				GCC_WARN_UNUSED_FUNCTION = YES;
				GCC_WARN_UNUSED_VARIABLE = YES;
				IPHONEOS_DEPLOYMENT_TARGET = 14.2;
				MTL_ENABLE_DEBUG_INFO = INCLUDE_SOURCE;
				MTL_FAST_MATH = YES;
				ONLY_ACTIVE_ARCH = YES;
				SDKROOT = iphoneos;
				SWIFT_ACTIVE_COMPILATION_CONDITIONS = DEBUG;
				SWIFT_OPTIMIZATION_LEVEL = "-Onone";
			};
			name = Debug;
		};
		24FA45D2258DBB8600F4CA1E /* Release */ = {
			isa = XCBuildConfiguration;
			buildSettings = {
				ALWAYS_SEARCH_USER_PATHS = NO;
				CLANG_ANALYZER_NONNULL = YES;
				CLANG_ANALYZER_NUMBER_OBJECT_CONVERSION = YES_AGGRESSIVE;
				CLANG_CXX_LANGUAGE_STANDARD = "gnu++14";
				CLANG_CXX_LIBRARY = "libc++";
				CLANG_ENABLE_MODULES = YES;
				CLANG_ENABLE_OBJC_ARC = YES;
				CLANG_ENABLE_OBJC_WEAK = YES;
				CLANG_WARN_BLOCK_CAPTURE_AUTORELEASING = YES;
				CLANG_WARN_BOOL_CONVERSION = YES;
				CLANG_WARN_COMMA = YES;
				CLANG_WARN_CONSTANT_CONVERSION = YES;
				CLANG_WARN_DEPRECATED_OBJC_IMPLEMENTATIONS = YES;
				CLANG_WARN_DIRECT_OBJC_ISA_USAGE = YES_ERROR;
				CLANG_WARN_DOCUMENTATION_COMMENTS = YES;
				CLANG_WARN_EMPTY_BODY = YES;
				CLANG_WARN_ENUM_CONVERSION = YES;
				CLANG_WARN_INFINITE_RECURSION = YES;
				CLANG_WARN_INT_CONVERSION = YES;
				CLANG_WARN_NON_LITERAL_NULL_CONVERSION = YES;
				CLANG_WARN_OBJC_IMPLICIT_RETAIN_SELF = YES;
				CLANG_WARN_OBJC_LITERAL_CONVERSION = YES;
				CLANG_WARN_OBJC_ROOT_CLASS = YES_ERROR;
				CLANG_WARN_QUOTED_INCLUDE_IN_FRAMEWORK_HEADER = YES;
				CLANG_WARN_RANGE_LOOP_ANALYSIS = YES;
				CLANG_WARN_STRICT_PROTOTYPES = YES;
				CLANG_WARN_SUSPICIOUS_MOVE = YES;
				CLANG_WARN_UNGUARDED_AVAILABILITY = YES_AGGRESSIVE;
				CLANG_WARN_UNREACHABLE_CODE = YES;
				CLANG_WARN__DUPLICATE_METHOD_MATCH = YES;
				COPY_PHASE_STRIP = NO;
				DEBUG_INFORMATION_FORMAT = "dwarf-with-dsym";
				ENABLE_NS_ASSERTIONS = NO;
				ENABLE_STRICT_OBJC_MSGSEND = YES;
				GCC_C_LANGUAGE_STANDARD = gnu11;
				GCC_NO_COMMON_BLOCKS = YES;
				GCC_WARN_64_TO_32_BIT_CONVERSION = YES;
				GCC_WARN_ABOUT_RETURN_TYPE = YES_ERROR;
				GCC_WARN_UNDECLARED_SELECTOR = YES;
				GCC_WARN_UNINITIALIZED_AUTOS = YES_AGGRESSIVE;
				GCC_WARN_UNUSED_FUNCTION = YES;
				GCC_WARN_UNUSED_VARIABLE = YES;
				IPHONEOS_DEPLOYMENT_TARGET = 14.2;
				MTL_ENABLE_DEBUG_INFO = NO;
				MTL_FAST_MATH = YES;
				SDKROOT = iphoneos;
				SWIFT_COMPILATION_MODE = wholemodule;
				SWIFT_OPTIMIZATION_LEVEL = "-O";
				VALIDATE_PRODUCT = YES;
			};
			name = Release;
		};
		24FA45D4258DBB8600F4CA1E /* Debug */ = {
			isa = XCBuildConfiguration;
			buildSettings = {
				ASSETCATALOG_COMPILER_APPICON_NAME = AppIcon;
				ASSETCATALOG_COMPILER_GLOBAL_ACCENT_COLOR_NAME = AccentColor;
				CODE_SIGN_STYLE = Automatic;
				DEVELOPMENT_TEAM = 9PYG64528E;
				INFOPLIST_FILE = CodeMasters/Info.plist;
				IPHONEOS_DEPLOYMENT_TARGET = 11.0;
				LD_RUNPATH_SEARCH_PATHS = (
					"$(inherited)",
					"@executable_path/Frameworks",
				);
				PRODUCT_BUNDLE_IDENTIFIER = com.atikur.CodeMasters;
				PRODUCT_NAME = "$(TARGET_NAME)";
				SWIFT_VERSION = 5.0;
				TARGETED_DEVICE_FAMILY = "1,2";
			};
			name = Debug;
		};
		24FA45D5258DBB8600F4CA1E /* Release */ = {
			isa = XCBuildConfiguration;
			buildSettings = {
				ASSETCATALOG_COMPILER_APPICON_NAME = AppIcon;
				ASSETCATALOG_COMPILER_GLOBAL_ACCENT_COLOR_NAME = AccentColor;
				CODE_SIGN_STYLE = Automatic;
				DEVELOPMENT_TEAM = 9PYG64528E;
				INFOPLIST_FILE = CodeMasters/Info.plist;
				IPHONEOS_DEPLOYMENT_TARGET = 11.0;
				LD_RUNPATH_SEARCH_PATHS = (
					"$(inherited)",
					"@executable_path/Frameworks",
				);
				PRODUCT_BUNDLE_IDENTIFIER = com.atikur.CodeMasters;
				PRODUCT_NAME = "$(TARGET_NAME)";
				SWIFT_VERSION = 5.0;
				TARGETED_DEVICE_FAMILY = "1,2";
			};
			name = Release;
		};
/* End XCBuildConfiguration section */

/* Begin XCConfigurationList section */
		24B97186258E298600AA4C46 /* Build configuration list for PBXNativeTarget "CodeMastersTests" */ = {
			isa = XCConfigurationList;
			buildConfigurations = (
				24B97184258E298600AA4C46 /* Debug */,
				24B97185258E298600AA4C46 /* Release */,
			);
			defaultConfigurationIsVisible = 0;
			defaultConfigurationName = Release;
		};
		24FA45BA258DBB7C00F4CA1E /* Build configuration list for PBXProject "CodeMasters" */ = {
			isa = XCConfigurationList;
			buildConfigurations = (
				24FA45D1258DBB8600F4CA1E /* Debug */,
				24FA45D2258DBB8600F4CA1E /* Release */,
			);
			defaultConfigurationIsVisible = 0;
			defaultConfigurationName = Release;
		};
		24FA45D3258DBB8600F4CA1E /* Build configuration list for PBXNativeTarget "CodeMasters" */ = {
			isa = XCConfigurationList;
			buildConfigurations = (
				24FA45D4258DBB8600F4CA1E /* Debug */,
				24FA45D5258DBB8600F4CA1E /* Release */,
			);
			defaultConfigurationIsVisible = 0;
			defaultConfigurationName = Release;
		};
/* End XCConfigurationList section */
	};
	rootObject = 24FA45B7258DBB7C00F4CA1E /* Project object */;
}
